
Microsoft Visual Studio Solution File, Format Version 12.00
# Visual Studio 14
VisualStudioVersion = 14.0.23107.0
MinimumVisualStudioVersion = 10.0.40219.1
Project("{FAE04EC0-301F-11D3-BF4B-00C04F79EFBC}") = "SherlockandTheBeast", "SherlockandTheBeast\SherlockandTheBeast.csproj", "{C081BB4E-B094-41AC-BCC0-E0CD37AEDEBC}"
EndProject
Global
	GlobalSection(SolutionConfigurationPlatforms) = preSolution
		Debug|Any CPU = Debug|Any CPU
		Release|Any CPU = Release|Any CPU
	EndGlobalSection
	GlobalSection(ProjectConfigurationPlatforms) = postSolution
		{C081BB4E-B094-41AC-BCC0-E0CD37AEDEBC}.Debug|Any CPU.ActiveCfg = Debug|Any CPU
		{C081BB4E-B094-41AC-BCC0-E0CD37AEDEBC}.Debug|Any CPU.Build.0 = Debug|Any CPU
		{C081BB4E-B094-41AC-BCC0-E0CD37AEDEBC}.Release|Any CPU.ActiveCfg = Release|Any CPU
		{C081BB4E-B094-41AC-BCC0-E0CD37AEDEBC}.Release|Any CPU.Build.0 = Release|Any CPU
	EndGlobalSection
	GlobalSection(SolutionProperties) = preSolution
		HideSolutionNode = FALSE
	EndGlobalSection
EndGlobal
