
Microsoft Visual Studio Solution File, Format Version 12.00
# Visual Studio 14
VisualStudioVersion = 14.0.23107.0
MinimumVisualStudioVersion = 10.0.40219.1
Project("{FAE04EC0-301F-11D3-BF4B-00C04F79EFBC}") = "ManasaandStones", "ManasaandStones\ManasaandStones.csproj", "{A30ACFBB-1BF9-49EB-9505-B4BA810532BE}"
EndProject
Global
	GlobalSection(SolutionConfigurationPlatforms) = preSolution
		Debug|Any CPU = Debug|Any CPU
		Release|Any CPU = Release|Any CPU
	EndGlobalSection
	GlobalSection(ProjectConfigurationPlatforms) = postSolution
		{A30ACFBB-1BF9-49EB-9505-B4BA810532BE}.Debug|Any CPU.ActiveCfg = Debug|Any CPU
		{A30ACFBB-1BF9-49EB-9505-B4BA810532BE}.Debug|Any CPU.Build.0 = Debug|Any CPU
		{A30ACFBB-1BF9-49EB-9505-B4BA810532BE}.Release|Any CPU.ActiveCfg = Release|Any CPU
		{A30ACFBB-1BF9-49EB-9505-B4BA810532BE}.Release|Any CPU.Build.0 = Release|Any CPU
	EndGlobalSection
	GlobalSection(SolutionProperties) = preSolution
		HideSolutionNode = FALSE
	EndGlobalSection
EndGlobal
